// !$*UTF8*$!
{
	archiveVersion = 1;
	classes = {
	};
	objectVersion = 50;
	objects = {

/* Begin PBXBuildFile section */
		070EE65424A6BEC000AA8983 /* AppDelegate.swift in Sources */ = {isa = PBXBuildFile; fileRef = 070EE65324A6BEC000AA8983 /* AppDelegate.swift */; };
		070EE65624A6BEC000AA8983 /* ViewController.swift in Sources */ = {isa = PBXBuildFile; fileRef = 070EE65524A6BEC000AA8983 /* ViewController.swift */; };
		070EE65924A6BEC000AA8983 /* Main.storyboard in Resources */ = {isa = PBXBuildFile; fileRef = 070EE65724A6BEC000AA8983 /* Main.storyboard */; };
		070EE65B24A6BEC300AA8983 /* Assets.xcassets in Resources */ = {isa = PBXBuildFile; fileRef = 070EE65A24A6BEC300AA8983 /* Assets.xcassets */; };
		070EE65E24A6BEC300AA8983 /* LaunchScreen.storyboard in Resources */ = {isa = PBXBuildFile; fileRef = 070EE65C24A6BEC300AA8983 /* LaunchScreen.storyboard */; };
/* End PBXBuildFile section */

/* Begin PBXFileReference section */
		070EE65024A6BEC000AA8983 /* git.app */ = {isa = PBXFileReference; explicitFileType = wrapper.application; includeInIndex = 0; path = git.app; sourceTree = BUILT_PRODUCTS_DIR; };
		070EE65324A6BEC000AA8983 /* AppDelegate.swift */ = {isa = PBXFileReference; lastKnownFileType = sourcecode.swift; path = AppDelegate.swift; sourceTree = "<group>"; };
		070EE65524A6BEC000AA8983 /* ViewController.swift */ = {isa = PBXFileReference; lastKnownFileType = sourcecode.swift; path = ViewController.swift; sourceTree = "<group>"; };
		070EE65824A6BEC000AA8983 /* Base */ = {isa = PBXFileReference; lastKnownFileType = file.storyboard; name = Base; path = Base.lproj/Main.storyboard; sourceTree = "<group>"; };
		070EE65A24A6BEC300AA8983 /* Assets.xcassets */ = {isa = PBXFileReference; lastKnownFileType = folder.assetcatalog; path = Assets.xcassets; sourceTree = "<group>"; };
		070EE65D24A6BEC300AA8983 /* Base */ = {isa = PBXFileReference; lastKnownFileType = file.storyboard; name = Base; path = Base.lproj/LaunchScreen.storyboard; sourceTree = "<group>"; };
		070EE65F24A6BEC300AA8983 /* Info.plist */ = {isa = PBXFileReference; lastKnownFileType = text.plist.xml; path = Info.plist; sourceTree = "<group>"; };
/* End PBXFileReference section */

/* Begin PBXFrameworksBuildPhase section */
		070EE64D24A6BEC000AA8983 /* Frameworks */ = {
			isa = PBXFrameworksBuildPhase;
			buildActionMask = 2147483647;
			files = (
			);
			runOnlyForDeploymentPostprocessing = 0;
		};
/* End PBXFrameworksBuildPhase section */

/* Begin PBXGroup section */
		070EE64724A6BEC000AA8983 = {
			isa = PBXGroup;
			children = (
				070EE65224A6BEC000AA8983 /* git */,
				070EE65124A6BEC000AA8983 /* Products */,
			);
			sourceTree = "<group>";
		};
		070EE65124A6BEC000AA8983 /* Products */ = {
			isa = PBXGroup;
			children = (
				070EE65024A6BEC000AA8983 /* git.app */,
			);
			name = Products;
			sourceTree = "<group>";
		};
		070EE65224A6BEC000AA8983 /* git */ = {
			isa = PBXGroup;
			children = (
				070EE65324A6BEC000AA8983 /* AppDelegate.swift */,
				070EE65524A6BEC000AA8983 /* ViewController.swift */,
				070EE65724A6BEC000AA8983 /* Main.storyboard */,
				070EE65A24A6BEC300AA8983 /* Assets.xcassets */,
				070EE65C24A6BEC300AA8983 /* LaunchScreen.storyboard */,
				070EE65F24A6BEC300AA8983 /* Info.plist */,
			);
			path = git;
			sourceTree = "<group>";
		};
/* End PBXGroup section */

/* Begin PBXNativeTarget section */
		070EE64F24A6BEC000AA8983 /* git */ = {
			isa = PBXNativeTarget;
			buildConfigurationList = 070EE66224A6BEC300AA8983 /* Build configuration list for PBXNativeTarget "git" */;
			buildPhases = (
				070EE64C24A6BEC000AA8983 /* Sources */,
				070EE64D24A6BEC000AA8983 /* Frameworks */,
				070EE64E24A6BEC000AA8983 /* Resources */,
			);
			buildRules = (
			);
			dependencies = (
			);
			name = git;
			productName = git;
			productReference = 070EE65024A6BEC000AA8983 /* git.app */;
			productType = "com.apple.product-type.application";
		};
/* End PBXNativeTarget section */

/* Begin PBXProject section */
		070EE64824A6BEC000AA8983 /* Project object */ = {
			isa = PBXProject;
			attributes = {
				LastSwiftUpdateCheck = 1000;
				LastUpgradeCheck = 1000;
				ORGANIZATIONNAME = HAMADA;
				TargetAttributes = {
					070EE64F24A6BEC000AA8983 = {
						CreatedOnToolsVersion = 10.0;
					};
				};
			};
			buildConfigurationList = 070EE64B24A6BEC000AA8983 /* Build configuration list for PBXProject "git" */;
			compatibilityVersion = "Xcode 9.3";
			developmentRegion = en;
			hasScannedForEncodings = 0;
			knownRegions = (
				en,
				Base,
			);
			mainGroup = 070EE64724A6BEC000AA8983;
			productRefGroup = 070EE65124A6BEC000AA8983 /* Products */;
			projectDirPath = "";
			projectRoot = "";
			targets = (
				070EE64F24A6BEC000AA8983 /* git */,
			);
		};
/* End PBXProject section */

/* Begin PBXResourcesBuildPhase section */
		070EE64E24A6BEC000AA8983 /* Resources */ = {
			isa = PBXResourcesBuildPhase;
			buildActionMask = 2147483647;
			files = (
				070EE65E24A6BEC300AA8983 /* LaunchScreen.storyboard in Resources */,
				070EE65B24A6BEC300AA8983 /* Assets.xcassets in Resources */,
				070EE65924A6BEC000AA8983 /* Main.storyboard in Resources */,
			);
			runOnlyForDeploymentPostprocessing = 0;
		};
/* End PBXResourcesBuildPhase section */

/* Begin PBXSourcesBuildPhase section */
		070EE64C24A6BEC000AA8983 /* Sources */ = {
			isa = PBXSourcesBuildPhase;
			buildActionMask = 2147483647;
			files = (
				070EE65624A6BEC000AA8983 /* ViewController.swift in Sources */,
				070EE65424A6BEC000AA8983 /* AppDelegate.swift in Sources */,
			);
			runOnlyForDeploymentPostprocessing = 0;
		};
/* End PBXSourcesBuildPhase section */

/* Begin PBXVariantGroup section */
		070EE65724A6BEC000AA8983 /* Main.storyboard */ = {
			isa = PBXVariantGroup;
			children = (
				070EE65824A6BEC000AA8983 /* Base */,
			);
			name = Main.storyboard;
			sourceTree = "<group>";
		};
		070EE65C24A6BEC300AA8983 /* LaunchScreen.storyboard */ = {
			isa = PBXVariantGroup;
			children = (
				070EE65D24A6BEC300AA8983 /* Base */,
			);
			name = LaunchScreen.storyboard;
			sourceTree = "<group>";
		};
/* End PBXVariantGroup section */

/* Begin XCBuildConfiguration section */
		070EE66024A6BEC300AA8983 /* Debug */ = {
			isa = XCBuildConfiguration;
			buildSettings = {
				ALWAYS_SEARCH_USER_PATHS = NO;
				CLANG_ANALYZER_NONNULL = YES;
				CLANG_ANALYZER_NUMBER_OBJECT_CONVERSION = YES_AGGRESSIVE;
				CLANG_CXX_LANGUAGE_STANDARD = "gnu++14";
				CLANG_CXX_LIBRARY = "libc++";
				CLANG_ENABLE_MODULES = YES;
				CLANG_ENABLE_OBJC_ARC = YES;
				CLANG_ENABLE_OBJC_WEAK = YES;
				CLANG_WARN_BLOCK_CAPTURE_AUTORELEASING = YES;
				CLANG_WARN_BOOL_CONVERSION = YES;
				CLANG_WARN_COMMA = YES;
				CLANG_WARN_CONSTANT_CONVERSION = YES;
				CLANG_WARN_DEPRECATED_OBJC_IMPLEMENTATIONS = YES;
				CLANG_WARN_DIRECT_OBJC_ISA_USAGE = YES_ERROR;
				CLANG_WARN_DOCUMENTATION_COMMENTS = YES;
				CLANG_WARN_EMPTY_BODY = YES;
				CLANG_WARN_ENUM_CONVERSION = YES;
				CLANG_WARN_INFINITE_RECURSION = YES;
				CLANG_WARN_INT_CONVERSION = YES;
				CLANG_WARN_NON_LITERAL_NULL_CONVERSION = YES;
				CLANG_WARN_OBJC_IMPLICIT_RETAIN_SELF = YES;
				CLANG_WARN_OBJC_LITERAL_CONVERSION = YES;
				CLANG_WARN_OBJC_ROOT_CLASS = YES_ERROR;
				CLANG_WARN_RANGE_LOOP_ANALYSIS = YES;
				CLANG_WARN_STRICT_PROTOTYPES = YES;
				CLANG_WARN_SUSPICIOUS_MOVE = YES;
				CLANG_WARN_UNGUARDED_AVAILABILITY = YES_AGGRESSIVE;
				CLANG_WARN_UNREACHABLE_CODE = YES;
				CLANG_WARN__DUPLICATE_METHOD_MATCH = YES;
				CODE_SIGN_IDENTITY = "iPhone Developer";
				COPY_PHASE_STRIP = NO;
				DEBUG_INFORMATION_FORMAT = dwarf;
				ENABLE_STRICT_OBJC_MSGSEND = YES;
				ENABLE_TESTABILITY = YES;
				GCC_C_LANGUAGE_STANDARD = gnu11;
				GCC_DYNAMIC_NO_PIC = NO;
				GCC_NO_COMMON_BLOCKS = YES;
				GCC_OPTIMIZATION_LEVEL = 0;
				GCC_PREPROCESSOR_DEFINITIONS = (
					"DEBUG=1",
					"$(inherited)",
				);
				GCC_WARN_64_TO_32_BIT_CONVERSION = YES;
				GCC_WARN_ABOUT_RETURN_TYPE = YES_ERROR;
				GCC_WARN_UNDECLARED_SELECTOR = YES;
				GCC_WARN_UNINITIALIZED_AUTOS = YES_AGGRESSIVE;
				GCC_WARN_UNUSED_FUNCTION = YES;
				GCC_WARN_UNUSED_VARIABLE = YES;
				IPHONEOS_DEPLOYMENT_TARGET = 12.0;
				MTL_ENABLE_DEBUG_INFO = INCLUDE_SOURCE;
				MTL_FAST_MATH = YES;
				ONLY_ACTIVE_ARCH = YES;
				SDKROOT = iphoneos;
				SWIFT_ACTIVE_COMPILATION_CONDITIONS = DEBUG;
				SWIFT_OPTIMIZATION_LEVEL = "-Onone";
			};
			name = Debug;
		};
		070EE66124A6BEC300AA8983 /* Release */ = {
			isa = XCBuildConfiguration;
			buildSettings = {
				ALWAYS_SEARCH_USER_PATHS = NO;
				CLANG_ANALYZER_NONNULL = YES;
				CLANG_ANALYZER_NUMBER_OBJECT_CONVERSION = YES_AGGRESSIVE;
				CLANG_CXX_LANGUAGE_STANDARD = "gnu++14";
				CLANG_CXX_LIBRARY = "libc++";
				CLANG_ENABLE_MODULES = YES;
				CLANG_ENABLE_OBJC_ARC = YES;
				CLANG_ENABLE_OBJC_WEAK = YES;
				CLANG_WARN_BLOCK_CAPTURE_AUTORELEASING = YES;
				CLANG_WARN_BOOL_CONVERSION = YES;
				CLANG_WARN_COMMA = YES;
				CLANG_WARN_CONSTANT_CONVERSION = YES;
				CLANG_WARN_DEPRECATED_OBJC_IMPLEMENTATIONS = YES;
				CLANG_WARN_DIRECT_OBJC_ISA_USAGE = YES_ERROR;
				CLANG_WARN_DOCUMENTATION_COMMENTS = YES;
				CLANG_WARN_EMPTY_BODY = YES;
				CLANG_WARN_ENUM_CONVERSION = YES;
				CLANG_WARN_INFINITE_RECURSION = YES;
				CLANG_WARN_INT_CONVERSION = YES;
				CLANG_WARN_NON_LITERAL_NULL_CONVERSION = YES;
				CLANG_WARN_OBJC_IMPLICIT_RETAIN_SELF = YES;
				CLANG_WARN_OBJC_LITERAL_CONVERSION = YES;
				CLANG_WARN_OBJC_ROOT_CLASS = YES_ERROR;
				CLANG_WARN_RANGE_LOOP_ANALYSIS = YES;
				CLANG_WARN_STRICT_PROTOTYPES = YES;
				CLANG_WARN_SUSPICIOUS_MOVE = YES;
				CLANG_WARN_UNGUARDED_AVAILABILITY = YES_AGGRESSIVE;
				CLANG_WARN_UNREACHABLE_CODE = YES;
				CLANG_WARN__DUPLICATE_METHOD_MATCH = YES;
				CODE_SIGN_IDENTITY = "iPhone Developer";
				COPY_PHASE_STRIP = NO;
				DEBUG_INFORMATION_FORMAT = "dwarf-with-dsym";
				ENABLE_NS_ASSERTIONS = NO;
				ENABLE_STRICT_OBJC_MSGSEND = YES;
				GCC_C_LANGUAGE_STANDARD = gnu11;
				GCC_NO_COMMON_BLOCKS = YES;
				GCC_WARN_64_TO_32_BIT_CONVERSION = YES;
				GCC_WARN_ABOUT_RETURN_TYPE = YES_ERROR;
				GCC_WARN_UNDECLARED_SELECTOR = YES;
				GCC_WARN_UNINITIALIZED_AUTOS = YES_AGGRESSIVE;
				GCC_WARN_UNUSED_FUNCTION = YES;
				GCC_WARN_UNUSED_VARIABLE = YES;
				IPHONEOS_DEPLOYMENT_TARGET = 12.0;
				MTL_ENABLE_DEBUG_INFO = NO;
				MTL_FAST_MATH = YES;
				SDKROOT = iphoneos;
				SWIFT_COMPILATION_MODE = wholemodule;
				SWIFT_OPTIMIZATION_LEVEL = "-O";
				VALIDATE_PRODUCT = YES;
			};
			name = Release;
		};
		070EE66324A6BEC300AA8983 /* Debug */ = {
			isa = XCBuildConfiguration;
			buildSettings = {
				ASSETCATALOG_COMPILER_APPICON_NAME = AppIcon;
				CODE_SIGN_STYLE = Automatic;
				DEVELOPMENT_TEAM = NLMQ6J3UBG;
				INFOPLIST_FILE = git/Info.plist;
				LD_RUNPATH_SEARCH_PATHS = (
					"$(inherited)",
					"@executable_path/Frameworks",
				);
				PRODUCT_BUNDLE_IDENTIFIER = com.hamada.git;
				PRODUCT_NAME = "$(TARGET_NAME)";
				SWIFT_VERSION = 4.2;
				TARGETED_DEVICE_FAMILY = "1,2";
			};
			name = Debug;
		};
		070EE66424A6BEC300AA8983 /* Release */ = {
			isa = XCBuildConfiguration;
			buildSettings = {
				ASSETCATALOG_COMPILER_APPICON_NAME = AppIcon;
				CODE_SIGN_STYLE = Automatic;
				DEVELOPMENT_TEAM = NLMQ6J3UBG;
				INFOPLIST_FILE = git/Info.plist;
				LD_RUNPATH_SEARCH_PATHS = (
					"$(inherited)",
					"@executable_path/Frameworks",
				);
				PRODUCT_BUNDLE_IDENTIFIER = com.hamada.git;
				PRODUCT_NAME = "$(TARGET_NAME)";
				SWIFT_VERSION = 4.2;
				TARGETED_DEVICE_FAMILY = "1,2";
			};
			name = Release;
		};
/* End XCBuildConfiguration section */

/* Begin XCConfigurationList section */
		070EE64B24A6BEC000AA8983 /* Build configuration list for PBXProject "git" */ = {
			isa = XCConfigurationList;
			buildConfigurations = (
				070EE66024A6BEC300AA8983 /* Debug */,
				070EE66124A6BEC300AA8983 /* Release */,
			);
			defaultConfigurationIsVisible = 0;
			defaultConfigurationName = Release;
		};
		070EE66224A6BEC300AA8983 /* Build configuration list for PBXNativeTarget "git" */ = {
			isa = XCConfigurationList;
			buildConfigurations = (
				070EE66324A6BEC300AA8983 /* Debug */,
				070EE66424A6BEC300AA8983 /* Release */,
			);
			defaultConfigurationIsVisible = 0;
			defaultConfigurationName = Release;
		};
/* End XCConfigurationList section */
	};
	rootObject = 070EE64824A6BEC000AA8983 /* Project object */;
}
